// !$*UTF8*$!
{
	archiveVersion = 1;
	classes = {
	};
	objectVersion = 50;
	objects = {

/* Begin PBXBuildFile section */
		75EF091C28C72F0A0078F60E /* AppDelegate.swift in Sources */ = {isa = PBXBuildFile; fileRef = 75EF091B28C72F0A0078F60E /* AppDelegate.swift */; };
		75EF091E28C72F0A0078F60E /* SceneDelegate.swift in Sources */ = {isa = PBXBuildFile; fileRef = 75EF091D28C72F0A0078F60E /* SceneDelegate.swift */; };
		75EF092028C72F0A0078F60E /* ViewController.swift in Sources */ = {isa = PBXBuildFile; fileRef = 75EF091F28C72F0A0078F60E /* ViewController.swift */; };
		75EF092328C72F0A0078F60E /* Main.storyboard in Resources */ = {isa = PBXBuildFile; fileRef = 75EF092128C72F0A0078F60E /* Main.storyboard */; };
		75EF092528C72F0B0078F60E /* Assets.xcassets in Resources */ = {isa = PBXBuildFile; fileRef = 75EF092428C72F0B0078F60E /* Assets.xcassets */; };
		75EF092828C72F0B0078F60E /* LaunchScreen.storyboard in Resources */ = {isa = PBXBuildFile; fileRef = 75EF092628C72F0B0078F60E /* LaunchScreen.storyboard */; };
		75EF093328C72F0B0078F60E /* HackwichTwoTests.swift in Sources */ = {isa = PBXBuildFile; fileRef = 75EF093228C72F0B0078F60E /* HackwichTwoTests.swift */; };
		75EF093E28C72F0B0078F60E /* HackwichTwoUITests.swift in Sources */ = {isa = PBXBuildFile; fileRef = 75EF093D28C72F0B0078F60E /* HackwichTwoUITests.swift */; };
/* End PBXBuildFile section */

/* Begin PBXContainerItemProxy section */
		75EF092F28C72F0B0078F60E /* PBXContainerItemProxy */ = {
			isa = PBXContainerItemProxy;
			containerPortal = 75EF091028C72F0A0078F60E /* Project object */;
			proxyType = 1;
			remoteGlobalIDString = 75EF091728C72F0A0078F60E;
			remoteInfo = HackwichTwo;
		};
		75EF093A28C72F0B0078F60E /* PBXContainerItemProxy */ = {
			isa = PBXContainerItemProxy;
			containerPortal = 75EF091028C72F0A0078F60E /* Project object */;
			proxyType = 1;
			remoteGlobalIDString = 75EF091728C72F0A0078F60E;
			remoteInfo = HackwichTwo;
		};
/* End PBXContainerItemProxy section */

/* Begin PBXFileReference section */
		75EF091828C72F0A0078F60E /* HackwichTwo.app */ = {isa = PBXFileReference; explicitFileType = wrapper.application; includeInIndex = 0; path = HackwichTwo.app; sourceTree = BUILT_PRODUCTS_DIR; };
		75EF091B28C72F0A0078F60E /* AppDelegate.swift */ = {isa = PBXFileReference; lastKnownFileType = sourcecode.swift; path = AppDelegate.swift; sourceTree = "<group>"; };
		75EF091D28C72F0A0078F60E /* SceneDelegate.swift */ = {isa = PBXFileReference; lastKnownFileType = sourcecode.swift; path = SceneDelegate.swift; sourceTree = "<group>"; };
		75EF091F28C72F0A0078F60E /* ViewController.swift */ = {isa = PBXFileReference; lastKnownFileType = sourcecode.swift; path = ViewController.swift; sourceTree = "<group>"; };
		75EF092228C72F0A0078F60E /* Base */ = {isa = PBXFileReference; lastKnownFileType = file.storyboard; name = Base; path = Base.lproj/Main.storyboard; sourceTree = "<group>"; };
		75EF092428C72F0B0078F60E /* Assets.xcassets */ = {isa = PBXFileReference; lastKnownFileType = folder.assetcatalog; path = Assets.xcassets; sourceTree = "<group>"; };
		75EF092728C72F0B0078F60E /* Base */ = {isa = PBXFileReference; lastKnownFileType = file.storyboard; name = Base; path = Base.lproj/LaunchScreen.storyboard; sourceTree = "<group>"; };
		75EF092928C72F0B0078F60E /* Info.plist */ = {isa = PBXFileReference; lastKnownFileType = text.plist.xml; path = Info.plist; sourceTree = "<group>"; };
		75EF092E28C72F0B0078F60E /* HackwichTwoTests.xctest */ = {isa = PBXFileReference; explicitFileType = wrapper.cfbundle; includeInIndex = 0; path = HackwichTwoTests.xctest; sourceTree = BUILT_PRODUCTS_DIR; };
		75EF093228C72F0B0078F60E /* HackwichTwoTests.swift */ = {isa = PBXFileReference; lastKnownFileType = sourcecode.swift; path = HackwichTwoTests.swift; sourceTree = "<group>"; };
		75EF093428C72F0B0078F60E /* Info.plist */ = {isa = PBXFileReference; lastKnownFileType = text.plist.xml; path = Info.plist; sourceTree = "<group>"; };
		75EF093928C72F0B0078F60E /* HackwichTwoUITests.xctest */ = {isa = PBXFileReference; explicitFileType = wrapper.cfbundle; includeInIndex = 0; path = HackwichTwoUITests.xctest; sourceTree = BUILT_PRODUCTS_DIR; };
		75EF093D28C72F0B0078F60E /* HackwichTwoUITests.swift */ = {isa = PBXFileReference; lastKnownFileType = sourcecode.swift; path = HackwichTwoUITests.swift; sourceTree = "<group>"; };
		75EF093F28C72F0B0078F60E /* Info.plist */ = {isa = PBXFileReference; lastKnownFileType = text.plist.xml; path = Info.plist; sourceTree = "<group>"; };
/* End PBXFileReference section */

/* Begin PBXFrameworksBuildPhase section */
		75EF091528C72F0A0078F60E /* Frameworks */ = {
			isa = PBXFrameworksBuildPhase;
			buildActionMask = 2147483647;
			files = (
			);
			runOnlyForDeploymentPostprocessing = 0;
		};
		75EF092B28C72F0B0078F60E /* Frameworks */ = {
			isa = PBXFrameworksBuildPhase;
			buildActionMask = 2147483647;
			files = (
			);
			runOnlyForDeploymentPostprocessing = 0;
		};
		75EF093628C72F0B0078F60E /* Frameworks */ = {
			isa = PBXFrameworksBuildPhase;
			buildActionMask = 2147483647;
			files = (
			);
			runOnlyForDeploymentPostprocessing = 0;
		};
/* End PBXFrameworksBuildPhase section */

/* Begin PBXGroup section */
		75EF090F28C72F0A0078F60E = {
			isa = PBXGroup;
			children = (
				75EF091A28C72F0A0078F60E /* HackwichTwo */,
				75EF093128C72F0B0078F60E /* HackwichTwoTests */,
				75EF093C28C72F0B0078F60E /* HackwichTwoUITests */,
				75EF091928C72F0A0078F60E /* Products */,
			);
			sourceTree = "<group>";
		};
		75EF091928C72F0A0078F60E /* Products */ = {
			isa = PBXGroup;
			children = (
				75EF091828C72F0A0078F60E /* HackwichTwo.app */,
				75EF092E28C72F0B0078F60E /* HackwichTwoTests.xctest */,
				75EF093928C72F0B0078F60E /* HackwichTwoUITests.xctest */,
			);
			name = Products;
			sourceTree = "<group>";
		};
		75EF091A28C72F0A0078F60E /* HackwichTwo */ = {
			isa = PBXGroup;
			children = (
				75EF091B28C72F0A0078F60E /* AppDelegate.swift */,
				75EF091D28C72F0A0078F60E /* SceneDelegate.swift */,
				75EF091F28C72F0A0078F60E /* ViewController.swift */,
				75EF092128C72F0A0078F60E /* Main.storyboard */,
				75EF092428C72F0B0078F60E /* Assets.xcassets */,
				75EF092628C72F0B0078F60E /* LaunchScreen.storyboard */,
				75EF092928C72F0B0078F60E /* Info.plist */,
			);
			path = HackwichTwo;
			sourceTree = "<group>";
		};
		75EF093128C72F0B0078F60E /* HackwichTwoTests */ = {
			isa = PBXGroup;
			children = (
				75EF093228C72F0B0078F60E /* HackwichTwoTests.swift */,
				75EF093428C72F0B0078F60E /* Info.plist */,
			);
			path = HackwichTwoTests;
			sourceTree = "<group>";
		};
		75EF093C28C72F0B0078F60E /* HackwichTwoUITests */ = {
			isa = PBXGroup;
			children = (
				75EF093D28C72F0B0078F60E /* HackwichTwoUITests.swift */,
				75EF093F28C72F0B0078F60E /* Info.plist */,
			);
			path = HackwichTwoUITests;
			sourceTree = "<group>";
		};
/* End PBXGroup section */

/* Begin PBXNativeTarget section */
		75EF091728C72F0A0078F60E /* HackwichTwo */ = {
			isa = PBXNativeTarget;
			buildConfigurationList = 75EF094228C72F0B0078F60E /* Build configuration list for PBXNativeTarget "HackwichTwo" */;
			buildPhases = (
				75EF091428C72F0A0078F60E /* Sources */,
				75EF091528C72F0A0078F60E /* Frameworks */,
				75EF091628C72F0A0078F60E /* Resources */,
			);
			buildRules = (
			);
			dependencies = (
			);
			name = HackwichTwo;
			productName = HackwichTwo;
			productReference = 75EF091828C72F0A0078F60E /* HackwichTwo.app */;
			productType = "com.apple.product-type.application";
		};
		75EF092D28C72F0B0078F60E /* HackwichTwoTests */ = {
			isa = PBXNativeTarget;
			buildConfigurationList = 75EF094528C72F0B0078F60E /* Build configuration list for PBXNativeTarget "HackwichTwoTests" */;
			buildPhases = (
				75EF092A28C72F0B0078F60E /* Sources */,
				75EF092B28C72F0B0078F60E /* Frameworks */,
				75EF092C28C72F0B0078F60E /* Resources */,
			);
			buildRules = (
			);
			dependencies = (
				75EF093028C72F0B0078F60E /* PBXTargetDependency */,
			);
			name = HackwichTwoTests;
			productName = HackwichTwoTests;
			productReference = 75EF092E28C72F0B0078F60E /* HackwichTwoTests.xctest */;
			productType = "com.apple.product-type.bundle.unit-test";
		};
		75EF093828C72F0B0078F60E /* HackwichTwoUITests */ = {
			isa = PBXNativeTarget;
			buildConfigurationList = 75EF094828C72F0B0078F60E /* Build configuration list for PBXNativeTarget "HackwichTwoUITests" */;
			buildPhases = (
				75EF093528C72F0B0078F60E /* Sources */,
				75EF093628C72F0B0078F60E /* Frameworks */,
				75EF093728C72F0B0078F60E /* Resources */,
			);
			buildRules = (
			);
			dependencies = (
				75EF093B28C72F0B0078F60E /* PBXTargetDependency */,
			);
			name = HackwichTwoUITests;
			productName = HackwichTwoUITests;
			productReference = 75EF093928C72F0B0078F60E /* HackwichTwoUITests.xctest */;
			productType = "com.apple.product-type.bundle.ui-testing";
		};
/* End PBXNativeTarget section */

/* Begin PBXProject section */
		75EF091028C72F0A0078F60E /* Project object */ = {
			isa = PBXProject;
			attributes = {
				LastSwiftUpdateCheck = 1250;
				LastUpgradeCheck = 1250;
				TargetAttributes = {
					75EF091728C72F0A0078F60E = {
						CreatedOnToolsVersion = 12.5;
					};
					75EF092D28C72F0B0078F60E = {
						CreatedOnToolsVersion = 12.5;
						TestTargetID = 75EF091728C72F0A0078F60E;
					};
					75EF093828C72F0B0078F60E = {
						CreatedOnToolsVersion = 12.5;
						TestTargetID = 75EF091728C72F0A0078F60E;
					};
				};
			};
			buildConfigurationList = 75EF091328C72F0A0078F60E /* Build configuration list for PBXProject "HackwichTwo" */;
			compatibilityVersion = "Xcode 9.3";
			developmentRegion = en;
			hasScannedForEncodings = 0;
			knownRegions = (
				en,
				Base,
			);
			mainGroup = 75EF090F28C72F0A0078F60E;
			productRefGroup = 75EF091928C72F0A0078F60E /* Products */;
			projectDirPath = "";
			projectRoot = "";
			targets = (
				75EF091728C72F0A0078F60E /* HackwichTwo */,
				75EF092D28C72F0B0078F60E /* HackwichTwoTests */,
				75EF093828C72F0B0078F60E /* HackwichTwoUITests */,
			);
		};
/* End PBXProject section */

/* Begin PBXResourcesBuildPhase section */
		75EF091628C72F0A0078F60E /* Resources */ = {
			isa = PBXResourcesBuildPhase;
			buildActionMask = 2147483647;
			files = (
				75EF092828C72F0B0078F60E /* LaunchScreen.storyboard in Resources */,
				75EF092528C72F0B0078F60E /* Assets.xcassets in Resources */,
				75EF092328C72F0A0078F60E /* Main.storyboard in Resources */,
			);
			runOnlyForDeploymentPostprocessing = 0;
		};
		75EF092C28C72F0B0078F60E /* Resources */ = {
			isa = PBXResourcesBuildPhase;
			buildActionMask = 2147483647;
			files = (
			);
			runOnlyForDeploymentPostprocessing = 0;
		};
		75EF093728C72F0B0078F60E /* Resources */ = {
			isa = PBXResourcesBuildPhase;
			buildActionMask = 2147483647;
			files = (
			);
			runOnlyForDeploymentPostprocessing = 0;
		};
/* End PBXResourcesBuildPhase section */

/* Begin PBXSourcesBuildPhase section */
		75EF091428C72F0A0078F60E /* Sources */ = {
			isa = PBXSourcesBuildPhase;
			buildActionMask = 2147483647;
			files = (
				75EF092028C72F0A0078F60E /* ViewController.swift in Sources */,
				75EF091C28C72F0A0078F60E /* AppDelegate.swift in Sources */,
				75EF091E28C72F0A0078F60E /* SceneDelegate.swift in Sources */,
			);
			runOnlyForDeploymentPostprocessing = 0;
		};
		75EF092A28C72F0B0078F60E /* Sources */ = {
			isa = PBXSourcesBuildPhase;
			buildActionMask = 2147483647;
			files = (
				75EF093328C72F0B0078F60E /* HackwichTwoTests.swift in Sources */,
			);
			runOnlyForDeploymentPostprocessing = 0;
		};
		75EF093528C72F0B0078F60E /* Sources */ = {
			isa = PBXSourcesBuildPhase;
			buildActionMask = 2147483647;
			files = (
				75EF093E28C72F0B0078F60E /* HackwichTwoUITests.swift in Sources */,
			);
			runOnlyForDeploymentPostprocessing = 0;
		};
/* End PBXSourcesBuildPhase section */

/* Begin PBXTargetDependency section */
		75EF093028C72F0B0078F60E /* PBXTargetDependency */ = {
			isa = PBXTargetDependency;
			target = 75EF091728C72F0A0078F60E /* HackwichTwo */;
			targetProxy = 75EF092F28C72F0B0078F60E /* PBXContainerItemProxy */;
		};
		75EF093B28C72F0B0078F60E /* PBXTargetDependency */ = {
			isa = PBXTargetDependency;
			target = 75EF091728C72F0A0078F60E /* HackwichTwo */;
			targetProxy = 75EF093A28C72F0B0078F60E /* PBXContainerItemProxy */;
		};
/* End PBXTargetDependency section */

/* Begin PBXVariantGroup section */
		75EF092128C72F0A0078F60E /* Main.storyboard */ = {
			isa = PBXVariantGroup;
			children = (
				75EF092228C72F0A0078F60E /* Base */,
			);
			name = Main.storyboard;
			sourceTree = "<group>";
		};
		75EF092628C72F0B0078F60E /* LaunchScreen.storyboard */ = {
			isa = PBXVariantGroup;
			children = (
				75EF092728C72F0B0078F60E /* Base */,
			);
			name = LaunchScreen.storyboard;
			sourceTree = "<group>";
		};
/* End PBXVariantGroup section */

/* Begin XCBuildConfiguration section */
		75EF094028C72F0B0078F60E /* Debug */ = {
			isa = XCBuildConfiguration;
			buildSettings = {
				ALWAYS_SEARCH_USER_PATHS = NO;
				CLANG_ANALYZER_NONNULL = YES;
				CLANG_ANALYZER_NUMBER_OBJECT_CONVERSION = YES_AGGRESSIVE;
				CLANG_CXX_LANGUAGE_STANDARD = "gnu++14";
				CLANG_CXX_LIBRARY = "libc++";
				CLANG_ENABLE_MODULES = YES;
				CLANG_ENABLE_OBJC_ARC = YES;
				CLANG_ENABLE_OBJC_WEAK = YES;
				CLANG_WARN_BLOCK_CAPTURE_AUTORELEASING = YES;
				CLANG_WARN_BOOL_CONVERSION = YES;
				CLANG_WARN_COMMA = YES;
				CLANG_WARN_CONSTANT_CONVERSION = YES;
				CLANG_WARN_DEPRECATED_OBJC_IMPLEMENTATIONS = YES;
				CLANG_WARN_DIRECT_OBJC_ISA_USAGE = YES_ERROR;
				CLANG_WARN_DOCUMENTATION_COMMENTS = YES;
				CLANG_WARN_EMPTY_BODY = YES;
				CLANG_WARN_ENUM_CONVERSION = YES;
				CLANG_WARN_INFINITE_RECURSION = YES;
				CLANG_WARN_INT_CONVERSION = YES;
				CLANG_WARN_NON_LITERAL_NULL_CONVERSION = YES;
				CLANG_WARN_OBJC_IMPLICIT_RETAIN_SELF = YES;
				CLANG_WARN_OBJC_LITERAL_CONVERSION = YES;
				CLANG_WARN_OBJC_ROOT_CLASS = YES_ERROR;
				CLANG_WARN_QUOTED_INCLUDE_IN_FRAMEWORK_HEADER = YES;
				CLANG_WARN_RANGE_LOOP_ANALYSIS = YES;
				CLANG_WARN_STRICT_PROTOTYPES = YES;
				CLANG_WARN_SUSPICIOUS_MOVE = YES;
				CLANG_WARN_UNGUARDED_AVAILABILITY = YES_AGGRESSIVE;
				CLANG_WARN_UNREACHABLE_CODE = YES;
				CLANG_WARN__DUPLICATE_METHOD_MATCH = YES;
				COPY_PHASE_STRIP = NO;
				DEBUG_INFORMATION_FORMAT = dwarf;
				ENABLE_STRICT_OBJC_MSGSEND = YES;
				ENABLE_TESTABILITY = YES;
				GCC_C_LANGUAGE_STANDARD = gnu11;
				GCC_DYNAMIC_NO_PIC = NO;
				GCC_NO_COMMON_BLOCKS = YES;
				GCC_OPTIMIZATION_LEVEL = 0;
				GCC_PREPROCESSOR_DEFINITIONS = (
					"DEBUG=1",
					"$(inherited)",
				);
				GCC_WARN_64_TO_32_BIT_CONVERSION = YES;
				GCC_WARN_ABOUT_RETURN_TYPE = YES_ERROR;
				GCC_WARN_UNDECLARED_SELECTOR = YES;
				GCC_WARN_UNINITIALIZED_AUTOS = YES_AGGRESSIVE;
				GCC_WARN_UNUSED_FUNCTION = YES;
				GCC_WARN_UNUSED_VARIABLE = YES;
				IPHONEOS_DEPLOYMENT_TARGET = 14.5;
				MTL_ENABLE_DEBUG_INFO = INCLUDE_SOURCE;
				MTL_FAST_MATH = YES;
				ONLY_ACTIVE_ARCH = YES;
				SDKROOT = iphoneos;
				SWIFT_ACTIVE_COMPILATION_CONDITIONS = DEBUG;
				SWIFT_OPTIMIZATION_LEVEL = "-Onone";
			};
			name = Debug;
		};
		75EF094128C72F0B0078F60E /* Release */ = {
			isa = XCBuildConfiguration;
			buildSettings = {
				ALWAYS_SEARCH_USER_PATHS = NO;
				CLANG_ANALYZER_NONNULL = YES;
				CLANG_ANALYZER_NUMBER_OBJECT_CONVERSION = YES_AGGRESSIVE;
				CLANG_CXX_LANGUAGE_STANDARD = "gnu++14";
				CLANG_CXX_LIBRARY = "libc++";
				CLANG_ENABLE_MODULES = YES;
				CLANG_ENABLE_OBJC_ARC = YES;
				CLANG_ENABLE_OBJC_WEAK = YES;
				CLANG_WARN_BLOCK_CAPTURE_AUTORELEASING = YES;
				CLANG_WARN_BOOL_CONVERSION = YES;
				CLANG_WARN_COMMA = YES;
				CLANG_WARN_CONSTANT_CONVERSION = YES;
				CLANG_WARN_DEPRECATED_OBJC_IMPLEMENTATIONS = YES;
				CLANG_WARN_DIRECT_OBJC_ISA_USAGE = YES_ERROR;
				CLANG_WARN_DOCUMENTATION_COMMENTS = YES;
				CLANG_WARN_EMPTY_BODY = YES;
				CLANG_WARN_ENUM_CONVERSION = YES;
				CLANG_WARN_INFINITE_RECURSION = YES;
				CLANG_WARN_INT_CONVERSION = YES;
				CLANG_WARN_NON_LITERAL_NULL_CONVERSION = YES;
				CLANG_WARN_OBJC_IMPLICIT_RETAIN_SELF = YES;
				CLANG_WARN_OBJC_LITERAL_CONVERSION = YES;
				CLANG_WARN_OBJC_ROOT_CLASS = YES_ERROR;
				CLANG_WARN_QUOTED_INCLUDE_IN_FRAMEWORK_HEADER = YES;
				CLANG_WARN_RANGE_LOOP_ANALYSIS = YES;
				CLANG_WARN_STRICT_PROTOTYPES = YES;
				CLANG_WARN_SUSPICIOUS_MOVE = YES;
				CLANG_WARN_UNGUARDED_AVAILABILITY = YES_AGGRESSIVE;
				CLANG_WARN_UNREACHABLE_CODE = YES;
				CLANG_WARN__DUPLICATE_METHOD_MATCH = YES;
				COPY_PHASE_STRIP = NO;
				DEBUG_INFORMATION_FORMAT = "dwarf-with-dsym";
				ENABLE_NS_ASSERTIONS = NO;
				ENABLE_STRICT_OBJC_MSGSEND = YES;
				GCC_C_LANGUAGE_STANDARD = gnu11;
				GCC_NO_COMMON_BLOCKS = YES;
				GCC_WARN_64_TO_32_BIT_CONVERSION = YES;
				GCC_WARN_ABOUT_RETURN_TYPE = YES_ERROR;
				GCC_WARN_UNDECLARED_SELECTOR = YES;
				GCC_WARN_UNINITIALIZED_AUTOS = YES_AGGRESSIVE;
				GCC_WARN_UNUSED_FUNCTION = YES;
				GCC_WARN_UNUSED_VARIABLE = YES;
				IPHONEOS_DEPLOYMENT_TARGET = 14.5;
				MTL_ENABLE_DEBUG_INFO = NO;
				MTL_FAST_MATH = YES;
				SDKROOT = iphoneos;
				SWIFT_COMPILATION_MODE = wholemodule;
				SWIFT_OPTIMIZATION_LEVEL = "-O";
				VALIDATE_PRODUCT = YES;
			};
			name = Release;
		};
		75EF094328C72F0B0078F60E /* Debug */ = {
			isa = XCBuildConfiguration;
			buildSettings = {
				ASSETCATALOG_COMPILER_APPICON_NAME = AppIcon;
				ASSETCATALOG_COMPILER_GLOBAL_ACCENT_COLOR_NAME = AccentColor;
				CODE_SIGN_STYLE = Automatic;
				DEVELOPMENT_TEAM = U98Z3PXUKW;
				INFOPLIST_FILE = HackwichTwo/Info.plist;
				LD_RUNPATH_SEARCH_PATHS = (
					"$(inherited)",
					"@executable_path/Frameworks",
				);
				PRODUCT_BUNDLE_IDENTIFIER = UHWO.HackwichTwo;
				PRODUCT_NAME = "$(TARGET_NAME)";
				SWIFT_VERSION = 5.0;
				TARGETED_DEVICE_FAMILY = "1,2";
			};
			name = Debug;
		};
		75EF094428C72F0B0078F60E /* Release */ = {
			isa = XCBuildConfiguration;
			buildSettings = {
				ASSETCATALOG_COMPILER_APPICON_NAME = AppIcon;
				ASSETCATALOG_COMPILER_GLOBAL_ACCENT_COLOR_NAME = AccentColor;
				CODE_SIGN_STYLE = Automatic;
				DEVELOPMENT_TEAM = U98Z3PXUKW;
				INFOPLIST_FILE = HackwichTwo/Info.plist;
				LD_RUNPATH_SEARCH_PATHS = (
					"$(inherited)",
					"@executable_path/Frameworks",
				);
				PRODUCT_BUNDLE_IDENTIFIER = UHWO.HackwichTwo;
				PRODUCT_NAME = "$(TARGET_NAME)";
				SWIFT_VERSION = 5.0;
				TARGETED_DEVICE_FAMILY = "1,2";
			};
			name = Release;
		};
		75EF094628C72F0B0078F60E /* Debug */ = {
			isa = XCBuildConfiguration;
			buildSettings = {
				ALWAYS_EMBED_SWIFT_STANDARD_LIBRARIES = YES;
				BUNDLE_LOADER = "$(TEST_HOST)";
				CODE_SIGN_STYLE = Automatic;
				DEVELOPMENT_TEAM = U98Z3PXUKW;
				INFOPLIST_FILE = HackwichTwoTests/Info.plist;
				IPHONEOS_DEPLOYMENT_TARGET = 14.5;
				LD_RUNPATH_SEARCH_PATHS = (
					"$(inherited)",
					"@executable_path/Frameworks",
					"@loader_path/Frameworks",
				);
				PRODUCT_BUNDLE_IDENTIFIER = UHWO.HackwichTwoTests;
				PRODUCT_NAME = "$(TARGET_NAME)";
				SWIFT_VERSION = 5.0;
				TARGETED_DEVICE_FAMILY = "1,2";
				TEST_HOST = "$(BUILT_PRODUCTS_DIR)/HackwichTwo.app/HackwichTwo";
			};
			name = Debug;
		};
		75EF094728C72F0B0078F60E /* Release */ = {
			isa = XCBuildConfiguration;
			buildSettings = {
				ALWAYS_EMBED_SWIFT_STANDARD_LIBRARIES = YES;
				BUNDLE_LOADER = "$(TEST_HOST)";
				CODE_SIGN_STYLE = Automatic;
				DEVELOPMENT_TEAM = U98Z3PXUKW;
				INFOPLIST_FILE = HackwichTwoTests/Info.plist;
				IPHONEOS_DEPLOYMENT_TARGET = 14.5;
				LD_RUNPATH_SEARCH_PATHS = (
					"$(inherited)",
					"@executable_path/Frameworks",
					"@loader_path/Frameworks",
				);
				PRODUCT_BUNDLE_IDENTIFIER = UHWO.HackwichTwoTests;
				PRODUCT_NAME = "$(TARGET_NAME)";
				SWIFT_VERSION = 5.0;
				TARGETED_DEVICE_FAMILY = "1,2";
				TEST_HOST = "$(BUILT_PRODUCTS_DIR)/HackwichTwo.app/HackwichTwo";
			};
			name = Release;
		};
		75EF094928C72F0B0078F60E /* Debug */ = {
			isa = XCBuildConfiguration;
			buildSettings = {
				ALWAYS_EMBED_SWIFT_STANDARD_LIBRARIES = YES;
				CODE_SIGN_STYLE = Automatic;
				DEVELOPMENT_TEAM = U98Z3PXUKW;
				INFOPLIST_FILE = HackwichTwoUITests/Info.plist;
				LD_RUNPATH_SEARCH_PATHS = (
					"$(inherited)",
					"@executable_path/Frameworks",
					"@loader_path/Frameworks",
				);
				PRODUCT_BUNDLE_IDENTIFIER = UHWO.HackwichTwoUITests;
				PRODUCT_NAME = "$(TARGET_NAME)";
				SWIFT_VERSION = 5.0;
				TARGETED_DEVICE_FAMILY = "1,2";
				TEST_TARGET_NAME = HackwichTwo;
			};
			name = Debug;
		};
		75EF094A28C72F0B0078F60E /* Release */ = {
			isa = XCBuildConfiguration;
			buildSettings = {
				ALWAYS_EMBED_SWIFT_STANDARD_LIBRARIES = YES;
				CODE_SIGN_STYLE = Automatic;
				DEVELOPMENT_TEAM = U98Z3PXUKW;
				INFOPLIST_FILE = HackwichTwoUITests/Info.plist;
				LD_RUNPATH_SEARCH_PATHS = (
					"$(inherited)",
					"@executable_path/Frameworks",
					"@loader_path/Frameworks",
				);
				PRODUCT_BUNDLE_IDENTIFIER = UHWO.HackwichTwoUITests;
				PRODUCT_NAME = "$(TARGET_NAME)";
				SWIFT_VERSION = 5.0;
				TARGETED_DEVICE_FAMILY = "1,2";
				TEST_TARGET_NAME = HackwichTwo;
			};
			name = Release;
		};
/* End XCBuildConfiguration section */

/* Begin XCConfigurationList section */
		75EF091328C72F0A0078F60E /* Build configuration list for PBXProject "HackwichTwo" */ = {
			isa = XCConfigurationList;
			buildConfigurations = (
				75EF094028C72F0B0078F60E /* Debug */,
				75EF094128C72F0B0078F60E /* Release */,
			);
			defaultConfigurationIsVisible = 0;
			defaultConfigurationName = Release;
		};
		75EF094228C72F0B0078F60E /* Build configuration list for PBXNativeTarget "HackwichTwo" */ = {
			isa = XCConfigurationList;
			buildConfigurations = (
				75EF094328C72F0B0078F60E /* Debug */,
				75EF094428C72F0B0078F60E /* Release */,
			);
			defaultConfigurationIsVisible = 0;
			defaultConfigurationName = Release;
		};
		75EF094528C72F0B0078F60E /* Build configuration list for PBXNativeTarget "HackwichTwoTests" */ = {
			isa = XCConfigurationList;
			buildConfigurations = (
				75EF094628C72F0B0078F60E /* Debug */,
				75EF094728C72F0B0078F60E /* Release */,
			);
			defaultConfigurationIsVisible = 0;
			defaultConfigurationName = Release;
		};
		75EF094828C72F0B0078F60E /* Build configuration list for PBXNativeTarget "HackwichTwoUITests" */ = {
			isa = XCConfigurationList;
			buildConfigurations = (
				75EF094928C72F0B0078F60E /* Debug */,
				75EF094A28C72F0B0078F60E /* Release */,
			);
			defaultConfigurationIsVisible = 0;
			defaultConfigurationName = Release;
		};
/* End XCConfigurationList section */
	};
	rootObject = 75EF091028C72F0A0078F60E /* Project object */;
}
